
Microsoft Visual Studio Solution File, Format Version 12.00
# Visual Studio Version 17
VisualStudioVersion = 17.10.35004.147
MinimumVisualStudioVersion = 10.0.40219.1
Project("{FAE04EC0-301F-11D3-BF4B-00C04F79EFBC}") = "ass-3,3", "ass-3,3\ass-3,3.csproj", "{739A27E3-EF03-41EB-8936-F09911F0F4EC}"
EndProject
Global
	GlobalSection(SolutionConfigurationPlatforms) = preSolution
		Debug|Any CPU = Debug|Any CPU
		Release|Any CPU = Release|Any CPU
	EndGlobalSection
	GlobalSection(ProjectConfigurationPlatforms) = postSolution
		{739A27E3-EF03-41EB-8936-F09911F0F4EC}.Debug|Any CPU.ActiveCfg = Debug|Any CPU
		{739A27E3-EF03-41EB-8936-F09911F0F4EC}.Debug|Any CPU.Build.0 = Debug|Any CPU
		{739A27E3-EF03-41EB-8936-F09911F0F4EC}.Release|Any CPU.ActiveCfg = Release|Any CPU
		{739A27E3-EF03-41EB-8936-F09911F0F4EC}.Release|Any CPU.Build.0 = Release|Any CPU
	EndGlobalSection
	GlobalSection(SolutionProperties) = preSolution
		HideSolutionNode = FALSE
	EndGlobalSection
	GlobalSection(ExtensibilityGlobals) = postSolution
		SolutionGuid = {C7932577-90E6-4C73-8014-BCDEAA15D10B}
	EndGlobalSection
EndGlobal
