
Microsoft Visual Studio Solution File, Format Version 12.00
# Visual Studio Version 17
VisualStudioVersion = 17.10.35004.147
MinimumVisualStudioVersion = 10.0.40219.1
Project("{FAE04EC0-301F-11D3-BF4B-00C04F79EFBC}") = "scholarships", "scholarships\scholarships.csproj", "{AD7EE18E-DC4E-43F0-B204-CCD2E37C2049}"
EndProject
Global
	GlobalSection(SolutionConfigurationPlatforms) = preSolution
		Debug|Any CPU = Debug|Any CPU
		Release|Any CPU = Release|Any CPU
	EndGlobalSection
	GlobalSection(ProjectConfigurationPlatforms) = postSolution
		{AD7EE18E-DC4E-43F0-B204-CCD2E37C2049}.Debug|Any CPU.ActiveCfg = Debug|Any CPU
		{AD7EE18E-DC4E-43F0-B204-CCD2E37C2049}.Debug|Any CPU.Build.0 = Debug|Any CPU
		{AD7EE18E-DC4E-43F0-B204-CCD2E37C2049}.Release|Any CPU.ActiveCfg = Release|Any CPU
		{AD7EE18E-DC4E-43F0-B204-CCD2E37C2049}.Release|Any CPU.Build.0 = Release|Any CPU
	EndGlobalSection
	GlobalSection(SolutionProperties) = preSolution
		HideSolutionNode = FALSE
	EndGlobalSection
	GlobalSection(ExtensibilityGlobals) = postSolution
		SolutionGuid = {9F0AAEAC-98AA-4084-AE92-A027AB34AD63}
	EndGlobalSection
EndGlobal
