
Microsoft Visual Studio Solution File, Format Version 12.00
# Visual Studio Version 17
VisualStudioVersion = 17.10.35004.147
MinimumVisualStudioVersion = 10.0.40219.1
Project("{FAE04EC0-301F-11D3-BF4B-00C04F79EFBC}") = "wordsame", "wordsame\wordsame.csproj", "{C3DFB1CF-221C-4A14-89E4-63C740ADE5C6}"
EndProject
Global
	GlobalSection(SolutionConfigurationPlatforms) = preSolution
		Debug|Any CPU = Debug|Any CPU
		Release|Any CPU = Release|Any CPU
	EndGlobalSection
	GlobalSection(ProjectConfigurationPlatforms) = postSolution
		{C3DFB1CF-221C-4A14-89E4-63C740ADE5C6}.Debug|Any CPU.ActiveCfg = Debug|Any CPU
		{C3DFB1CF-221C-4A14-89E4-63C740ADE5C6}.Debug|Any CPU.Build.0 = Debug|Any CPU
		{C3DFB1CF-221C-4A14-89E4-63C740ADE5C6}.Release|Any CPU.ActiveCfg = Release|Any CPU
		{C3DFB1CF-221C-4A14-89E4-63C740ADE5C6}.Release|Any CPU.Build.0 = Release|Any CPU
	EndGlobalSection
	GlobalSection(SolutionProperties) = preSolution
		HideSolutionNode = FALSE
	EndGlobalSection
	GlobalSection(ExtensibilityGlobals) = postSolution
		SolutionGuid = {B157C1B5-86E8-4E97-8C1D-CDFD05742166}
	EndGlobalSection
EndGlobal
