
Microsoft Visual Studio Solution File, Format Version 12.00
# Visual Studio Version 17
VisualStudioVersion = 17.10.35004.147
MinimumVisualStudioVersion = 10.0.40219.1
Project("{FAE04EC0-301F-11D3-BF4B-00C04F79EFBC}") = "interfacee", "interfacee\interfacee.csproj", "{6089A24B-ECCB-4390-8914-3B96B1331C26}"
EndProject
Global
	GlobalSection(SolutionConfigurationPlatforms) = preSolution
		Debug|Any CPU = Debug|Any CPU
		Release|Any CPU = Release|Any CPU
	EndGlobalSection
	GlobalSection(ProjectConfigurationPlatforms) = postSolution
		{6089A24B-ECCB-4390-8914-3B96B1331C26}.Debug|Any CPU.ActiveCfg = Debug|Any CPU
		{6089A24B-ECCB-4390-8914-3B96B1331C26}.Debug|Any CPU.Build.0 = Debug|Any CPU
		{6089A24B-ECCB-4390-8914-3B96B1331C26}.Release|Any CPU.ActiveCfg = Release|Any CPU
		{6089A24B-ECCB-4390-8914-3B96B1331C26}.Release|Any CPU.Build.0 = Release|Any CPU
	EndGlobalSection
	GlobalSection(SolutionProperties) = preSolution
		HideSolutionNode = FALSE
	EndGlobalSection
	GlobalSection(ExtensibilityGlobals) = postSolution
		SolutionGuid = {74B68C0B-029C-4AF4-BA6F-F73858984310}
	EndGlobalSection
EndGlobal
