
Microsoft Visual Studio Solution File, Format Version 12.00
# Visual Studio Version 17
VisualStudioVersion = 17.10.35004.147
MinimumVisualStudioVersion = 10.0.40219.1
Project("{FAE04EC0-301F-11D3-BF4B-00C04F79EFBC}") = "Assgn61", "Assgn61\Assgn61.csproj", "{5B272BAC-B4E9-40F3-B81D-6854EBDDD600}"
EndProject
Global
	GlobalSection(SolutionConfigurationPlatforms) = preSolution
		Debug|Any CPU = Debug|Any CPU
		Release|Any CPU = Release|Any CPU
	EndGlobalSection
	GlobalSection(ProjectConfigurationPlatforms) = postSolution
		{5B272BAC-B4E9-40F3-B81D-6854EBDDD600}.Debug|Any CPU.ActiveCfg = Debug|Any CPU
		{5B272BAC-B4E9-40F3-B81D-6854EBDDD600}.Debug|Any CPU.Build.0 = Debug|Any CPU
		{5B272BAC-B4E9-40F3-B81D-6854EBDDD600}.Release|Any CPU.ActiveCfg = Release|Any CPU
		{5B272BAC-B4E9-40F3-B81D-6854EBDDD600}.Release|Any CPU.Build.0 = Release|Any CPU
	EndGlobalSection
	GlobalSection(SolutionProperties) = preSolution
		HideSolutionNode = FALSE
	EndGlobalSection
	GlobalSection(ExtensibilityGlobals) = postSolution
		SolutionGuid = {4F6A17BE-4B57-4AE7-9DB3-4C92D89A9085}
	EndGlobalSection
EndGlobal
