
Microsoft Visual Studio Solution File, Format Version 12.00
# Visual Studio Version 17
VisualStudioVersion = 17.10.35004.147
MinimumVisualStudioVersion = 10.0.40219.1
Project("{FAE04EC0-301F-11D3-BF4B-00C04F79EFBC}") = "Assgn62", "Assgn62\Assgn62.csproj", "{FEAB5C90-6006-4591-B62B-EB08326957D0}"
EndProject
Global
	GlobalSection(SolutionConfigurationPlatforms) = preSolution
		Debug|Any CPU = Debug|Any CPU
		Release|Any CPU = Release|Any CPU
	EndGlobalSection
	GlobalSection(ProjectConfigurationPlatforms) = postSolution
		{FEAB5C90-6006-4591-B62B-EB08326957D0}.Debug|Any CPU.ActiveCfg = Debug|Any CPU
		{FEAB5C90-6006-4591-B62B-EB08326957D0}.Debug|Any CPU.Build.0 = Debug|Any CPU
		{FEAB5C90-6006-4591-B62B-EB08326957D0}.Release|Any CPU.ActiveCfg = Release|Any CPU
		{FEAB5C90-6006-4591-B62B-EB08326957D0}.Release|Any CPU.Build.0 = Release|Any CPU
	EndGlobalSection
	GlobalSection(SolutionProperties) = preSolution
		HideSolutionNode = FALSE
	EndGlobalSection
	GlobalSection(ExtensibilityGlobals) = postSolution
		SolutionGuid = {A2A7D490-5BBD-42E4-8BCB-756CAA2F2FD3}
	EndGlobalSection
EndGlobal
